
Microsoft Visual Studio Solution File, Format Version 12.00
# Visual Studio Version 17
VisualStudioVersion = 17.4.33403.182
MinimumVisualStudioVersion = 10.0.40219.1
Project("{9A19103F-16F7-4668-BE54-9A1E7A4F7556}") = "DataProcessingService.CLI", "DataProcessingService.CLI\DataProcessingService.CLI.csproj", "{40CC3D3E-912E-4E98-984B-FACB8443C03F}"
EndProject
Project("{FAE04EC0-301F-11D3-BF4B-00C04F79EFBC}") = "DataProcessingService.Contracts", "DataProcessingService.Contracts\DataProcessingService.Contracts.csproj", "{71B401D2-54F8-4A11-8D5D-1E3D045F8FB0}"
EndProject
Project("{FAE04EC0-301F-11D3-BF4B-00C04F79EFBC}") = "DataProcessingService.Entities", "DataProcessingService.Entities\DataProcessingService.Entities.csproj", "{F625CE48-8F5A-43A0-A0EF-F3B97DBEBCB0}"
EndProject
Project("{FAE04EC0-301F-11D3-BF4B-00C04F79EFBC}") = "DataProcessingService.Logic", "DataProcessingService.Logic\DataProcessingService.Logic.csproj", "{5B3D79AE-66DD-455B-AFD7-C9C6DBB4F3A0}"
EndProject
Global
	GlobalSection(SolutionConfigurationPlatforms) = preSolution
		Debug|Any CPU = Debug|Any CPU
		Release|Any CPU = Release|Any CPU
	EndGlobalSection
	GlobalSection(ProjectConfigurationPlatforms) = postSolution
		{40CC3D3E-912E-4E98-984B-FACB8443C03F}.Debug|Any CPU.ActiveCfg = Debug|Any CPU
		{40CC3D3E-912E-4E98-984B-FACB8443C03F}.Debug|Any CPU.Build.0 = Debug|Any CPU
		{40CC3D3E-912E-4E98-984B-FACB8443C03F}.Release|Any CPU.ActiveCfg = Release|Any CPU
		{40CC3D3E-912E-4E98-984B-FACB8443C03F}.Release|Any CPU.Build.0 = Release|Any CPU
		{71B401D2-54F8-4A11-8D5D-1E3D045F8FB0}.Debug|Any CPU.ActiveCfg = Debug|Any CPU
		{71B401D2-54F8-4A11-8D5D-1E3D045F8FB0}.Debug|Any CPU.Build.0 = Debug|Any CPU
		{71B401D2-54F8-4A11-8D5D-1E3D045F8FB0}.Release|Any CPU.ActiveCfg = Release|Any CPU
		{71B401D2-54F8-4A11-8D5D-1E3D045F8FB0}.Release|Any CPU.Build.0 = Release|Any CPU
		{F625CE48-8F5A-43A0-A0EF-F3B97DBEBCB0}.Debug|Any CPU.ActiveCfg = Debug|Any CPU
		{F625CE48-8F5A-43A0-A0EF-F3B97DBEBCB0}.Debug|Any CPU.Build.0 = Debug|Any CPU
		{F625CE48-8F5A-43A0-A0EF-F3B97DBEBCB0}.Release|Any CPU.ActiveCfg = Release|Any CPU
		{F625CE48-8F5A-43A0-A0EF-F3B97DBEBCB0}.Release|Any CPU.Build.0 = Release|Any CPU
		{5B3D79AE-66DD-455B-AFD7-C9C6DBB4F3A0}.Debug|Any CPU.ActiveCfg = Debug|Any CPU
		{5B3D79AE-66DD-455B-AFD7-C9C6DBB4F3A0}.Debug|Any CPU.Build.0 = Debug|Any CPU
		{5B3D79AE-66DD-455B-AFD7-C9C6DBB4F3A0}.Release|Any CPU.ActiveCfg = Release|Any CPU
		{5B3D79AE-66DD-455B-AFD7-C9C6DBB4F3A0}.Release|Any CPU.Build.0 = Release|Any CPU
	EndGlobalSection
	GlobalSection(SolutionProperties) = preSolution
		HideSolutionNode = FALSE
	EndGlobalSection
	GlobalSection(ExtensibilityGlobals) = postSolution
		SolutionGuid = {7E721D80-C105-4BA6-AF25-9A3E8DF4D6B9}
	EndGlobalSection
EndGlobal
